// !$*UTF8*$!
{
	archiveVersion = 1;
	classes = {
	};
	objectVersion = 50;
	objects = {

/* Begin PBXBuildFile section */
		12DD879027AFA0300007D63E /* AppDelegate.swift in Sources */ = {isa = PBXBuildFile; fileRef = 12DD878F27AFA0300007D63E /* AppDelegate.swift */; };
		12DD879227AFA0300007D63E /* SceneDelegate.swift in Sources */ = {isa = PBXBuildFile; fileRef = 12DD879127AFA0300007D63E /* SceneDelegate.swift */; };
		12DD879427AFA0300007D63E /* ViewController.swift in Sources */ = {isa = PBXBuildFile; fileRef = 12DD879327AFA0300007D63E /* ViewController.swift */; };
		12DD879927AFA0340007D63E /* Assets.xcassets in Resources */ = {isa = PBXBuildFile; fileRef = 12DD879827AFA0340007D63E /* Assets.xcassets */; };
		12DD879C27AFA0340007D63E /* LaunchScreen.storyboard in Resources */ = {isa = PBXBuildFile; fileRef = 12DD879A27AFA0340007D63E /* LaunchScreen.storyboard */; };
		12DD87A727AFA0920007D63E /* NetworkManager.swift in Sources */ = {isa = PBXBuildFile; fileRef = 12DD87A627AFA0920007D63E /* NetworkManager.swift */; };
		12DD87AC27AFA0A70007D63E /* News.swift in Sources */ = {isa = PBXBuildFile; fileRef = 12DD87AB27AFA0A70007D63E /* News.swift */; };
		12DD87B227AFA1890007D63E /* NewsViewModel.swift in Sources */ = {isa = PBXBuildFile; fileRef = 12DD87B127AFA1890007D63E /* NewsViewModel.swift */; };
		12DD87B727AFA7330007D63E /* NewsCell.swift in Sources */ = {isa = PBXBuildFile; fileRef = 12DD87B627AFA7330007D63E /* NewsCell.swift */; };
		12DD87BB27B0394E0007D63E /* NetworkCheck.swift in Sources */ = {isa = PBXBuildFile; fileRef = 12DD87BA27B0394E0007D63E /* NetworkCheck.swift */; };
/* End PBXBuildFile section */

/* Begin PBXFileReference section */
		12DD878C27AFA0300007D63E /* Tinkoff_NewsApp.app */ = {isa = PBXFileReference; explicitFileType = wrapper.application; includeInIndex = 0; path = Tinkoff_NewsApp.app; sourceTree = BUILT_PRODUCTS_DIR; };
		12DD878F27AFA0300007D63E /* AppDelegate.swift */ = {isa = PBXFileReference; lastKnownFileType = sourcecode.swift; path = AppDelegate.swift; sourceTree = "<group>"; };
		12DD879127AFA0300007D63E /* SceneDelegate.swift */ = {isa = PBXFileReference; lastKnownFileType = sourcecode.swift; path = SceneDelegate.swift; sourceTree = "<group>"; };
		12DD879327AFA0300007D63E /* ViewController.swift */ = {isa = PBXFileReference; lastKnownFileType = sourcecode.swift; path = ViewController.swift; sourceTree = "<group>"; };
		12DD879827AFA0340007D63E /* Assets.xcassets */ = {isa = PBXFileReference; lastKnownFileType = folder.assetcatalog; path = Assets.xcassets; sourceTree = "<group>"; };
		12DD879B27AFA0340007D63E /* Base */ = {isa = PBXFileReference; lastKnownFileType = file.storyboard; name = Base; path = Base.lproj/LaunchScreen.storyboard; sourceTree = "<group>"; };
		12DD879D27AFA0340007D63E /* Info.plist */ = {isa = PBXFileReference; lastKnownFileType = text.plist.xml; path = Info.plist; sourceTree = "<group>"; };
		12DD87A627AFA0920007D63E /* NetworkManager.swift */ = {isa = PBXFileReference; lastKnownFileType = sourcecode.swift; path = NetworkManager.swift; sourceTree = "<group>"; };
		12DD87AB27AFA0A70007D63E /* News.swift */ = {isa = PBXFileReference; lastKnownFileType = sourcecode.swift; path = News.swift; sourceTree = "<group>"; };
		12DD87B127AFA1890007D63E /* NewsViewModel.swift */ = {isa = PBXFileReference; lastKnownFileType = sourcecode.swift; path = NewsViewModel.swift; sourceTree = "<group>"; };
		12DD87B627AFA7330007D63E /* NewsCell.swift */ = {isa = PBXFileReference; lastKnownFileType = sourcecode.swift; path = NewsCell.swift; sourceTree = "<group>"; };
		12DD87BA27B0394E0007D63E /* NetworkCheck.swift */ = {isa = PBXFileReference; lastKnownFileType = sourcecode.swift; path = NetworkCheck.swift; sourceTree = "<group>"; };
/* End PBXFileReference section */

/* Begin PBXFrameworksBuildPhase section */
		12DD878927AFA0300007D63E /* Frameworks */ = {
			isa = PBXFrameworksBuildPhase;
			buildActionMask = 2147483647;
			files = (
			);
			runOnlyForDeploymentPostprocessing = 0;
		};
/* End PBXFrameworksBuildPhase section */

/* Begin PBXGroup section */
		12DD878327AFA0300007D63E = {
			isa = PBXGroup;
			children = (
				12DD878E27AFA0300007D63E /* Tinkoff_NewsApp */,
				12DD878D27AFA0300007D63E /* Products */,
			);
			sourceTree = "<group>";
		};
		12DD878D27AFA0300007D63E /* Products */ = {
			isa = PBXGroup;
			children = (
				12DD878C27AFA0300007D63E /* Tinkoff_NewsApp.app */,
			);
			name = Products;
			sourceTree = "<group>";
		};
		12DD878E27AFA0300007D63E /* Tinkoff_NewsApp */ = {
			isa = PBXGroup;
			children = (
				12DD87B527AFA7250007D63E /* View */,
				12DD87B027AFA16F0007D63E /* ViewModel */,
				12DD87AF27AFA1650007D63E /* Controller */,
				12DD87AA27AFA09D0007D63E /* Model */,
				12DD87A527AFA07F0007D63E /* Network */,
				12DD878F27AFA0300007D63E /* AppDelegate.swift */,
				12DD879127AFA0300007D63E /* SceneDelegate.swift */,
				12DD879827AFA0340007D63E /* Assets.xcassets */,
				12DD879A27AFA0340007D63E /* LaunchScreen.storyboard */,
				12DD879D27AFA0340007D63E /* Info.plist */,
				12DD87BA27B0394E0007D63E /* NetworkCheck.swift */,
			);
			path = Tinkoff_NewsApp;
			sourceTree = "<group>";
		};
		12DD87A527AFA07F0007D63E /* Network */ = {
			isa = PBXGroup;
			children = (
				12DD87A627AFA0920007D63E /* NetworkManager.swift */,
			);
			path = Network;
			sourceTree = "<group>";
		};
		12DD87AA27AFA09D0007D63E /* Model */ = {
			isa = PBXGroup;
			children = (
				12DD87AB27AFA0A70007D63E /* News.swift */,
			);
			path = Model;
			sourceTree = "<group>";
		};
		12DD87AF27AFA1650007D63E /* Controller */ = {
			isa = PBXGroup;
			children = (
				12DD879327AFA0300007D63E /* ViewController.swift */,
			);
			path = Controller;
			sourceTree = "<group>";
		};
		12DD87B027AFA16F0007D63E /* ViewModel */ = {
			isa = PBXGroup;
			children = (
				12DD87B127AFA1890007D63E /* NewsViewModel.swift */,
			);
			path = ViewModel;
			sourceTree = "<group>";
		};
		12DD87B527AFA7250007D63E /* View */ = {
			isa = PBXGroup;
			children = (
				12DD87B627AFA7330007D63E /* NewsCell.swift */,
			);
			path = View;
			sourceTree = "<group>";
		};
/* End PBXGroup section */

/* Begin PBXNativeTarget section */
		12DD878B27AFA0300007D63E /* Tinkoff_NewsApp */ = {
			isa = PBXNativeTarget;
			buildConfigurationList = 12DD87A027AFA0340007D63E /* Build configuration list for PBXNativeTarget "Tinkoff_NewsApp" */;
			buildPhases = (
				12DD878827AFA0300007D63E /* Sources */,
				12DD878927AFA0300007D63E /* Frameworks */,
				12DD878A27AFA0300007D63E /* Resources */,
			);
			buildRules = (
			);
			dependencies = (
			);
			name = Tinkoff_NewsApp;
			productName = Tinkoff_NewsApp;
			productReference = 12DD878C27AFA0300007D63E /* Tinkoff_NewsApp.app */;
			productType = "com.apple.product-type.application";
		};
/* End PBXNativeTarget section */

/* Begin PBXProject section */
		12DD878427AFA0300007D63E /* Project object */ = {
			isa = PBXProject;
			attributes = {
				LastSwiftUpdateCheck = 1230;
				LastUpgradeCheck = 1230;
				TargetAttributes = {
					12DD878B27AFA0300007D63E = {
						CreatedOnToolsVersion = 12.3;
					};
				};
			};
			buildConfigurationList = 12DD878727AFA0300007D63E /* Build configuration list for PBXProject "Tinkoff_NewsApp" */;
			compatibilityVersion = "Xcode 9.3";
			developmentRegion = en;
			hasScannedForEncodings = 0;
			knownRegions = (
				en,
				Base,
			);
			mainGroup = 12DD878327AFA0300007D63E;
			productRefGroup = 12DD878D27AFA0300007D63E /* Products */;
			projectDirPath = "";
			projectRoot = "";
			targets = (
				12DD878B27AFA0300007D63E /* Tinkoff_NewsApp */,
			);
		};
/* End PBXProject section */

/* Begin PBXResourcesBuildPhase section */
		12DD878A27AFA0300007D63E /* Resources */ = {
			isa = PBXResourcesBuildPhase;
			buildActionMask = 2147483647;
			files = (
				12DD879C27AFA0340007D63E /* LaunchScreen.storyboard in Resources */,
				12DD879927AFA0340007D63E /* Assets.xcassets in Resources */,
			);
			runOnlyForDeploymentPostprocessing = 0;
		};
/* End PBXResourcesBuildPhase section */

/* Begin PBXSourcesBuildPhase section */
		12DD878827AFA0300007D63E /* Sources */ = {
			isa = PBXSourcesBuildPhase;
			buildActionMask = 2147483647;
			files = (
				12DD87A727AFA0920007D63E /* NetworkManager.swift in Sources */,
				12DD87B227AFA1890007D63E /* NewsViewModel.swift in Sources */,
				12DD879427AFA0300007D63E /* ViewController.swift in Sources */,
				12DD87B727AFA7330007D63E /* NewsCell.swift in Sources */,
				12DD879027AFA0300007D63E /* AppDelegate.swift in Sources */,
				12DD87BB27B0394E0007D63E /* NetworkCheck.swift in Sources */,
				12DD87AC27AFA0A70007D63E /* News.swift in Sources */,
				12DD879227AFA0300007D63E /* SceneDelegate.swift in Sources */,
			);
			runOnlyForDeploymentPostprocessing = 0;
		};
/* End PBXSourcesBuildPhase section */

/* Begin PBXVariantGroup section */
		12DD879A27AFA0340007D63E /* LaunchScreen.storyboard */ = {
			isa = PBXVariantGroup;
			children = (
				12DD879B27AFA0340007D63E /* Base */,
			);
			name = LaunchScreen.storyboard;
			sourceTree = "<group>";
		};
/* End PBXVariantGroup section */

/* Begin XCBuildConfiguration section */
		12DD879E27AFA0340007D63E /* Debug */ = {
			isa = XCBuildConfiguration;
			buildSettings = {
				ALWAYS_SEARCH_USER_PATHS = NO;
				CLANG_ANALYZER_NONNULL = YES;
				CLANG_ANALYZER_NUMBER_OBJECT_CONVERSION = YES_AGGRESSIVE;
				CLANG_CXX_LANGUAGE_STANDARD = "gnu++14";
				CLANG_CXX_LIBRARY = "libc++";
				CLANG_ENABLE_MODULES = YES;
				CLANG_ENABLE_OBJC_ARC = YES;
				CLANG_ENABLE_OBJC_WEAK = YES;
				CLANG_WARN_BLOCK_CAPTURE_AUTORELEASING = YES;
				CLANG_WARN_BOOL_CONVERSION = YES;
				CLANG_WARN_COMMA = YES;
				CLANG_WARN_CONSTANT_CONVERSION = YES;
				CLANG_WARN_DEPRECATED_OBJC_IMPLEMENTATIONS = YES;
				CLANG_WARN_DIRECT_OBJC_ISA_USAGE = YES_ERROR;
				CLANG_WARN_DOCUMENTATION_COMMENTS = YES;
				CLANG_WARN_EMPTY_BODY = YES;
				CLANG_WARN_ENUM_CONVERSION = YES;
				CLANG_WARN_INFINITE_RECURSION = YES;
				CLANG_WARN_INT_CONVERSION = YES;
				CLANG_WARN_NON_LITERAL_NULL_CONVERSION = YES;
				CLANG_WARN_OBJC_IMPLICIT_RETAIN_SELF = YES;
				CLANG_WARN_OBJC_LITERAL_CONVERSION = YES;
				CLANG_WARN_OBJC_ROOT_CLASS = YES_ERROR;
				CLANG_WARN_QUOTED_INCLUDE_IN_FRAMEWORK_HEADER = YES;
				CLANG_WARN_RANGE_LOOP_ANALYSIS = YES;
				CLANG_WARN_STRICT_PROTOTYPES = YES;
				CLANG_WARN_SUSPICIOUS_MOVE = YES;
				CLANG_WARN_UNGUARDED_AVAILABILITY = YES_AGGRESSIVE;
				CLANG_WARN_UNREACHABLE_CODE = YES;
				CLANG_WARN__DUPLICATE_METHOD_MATCH = YES;
				COPY_PHASE_STRIP = NO;
				DEBUG_INFORMATION_FORMAT = dwarf;
				ENABLE_STRICT_OBJC_MSGSEND = YES;
				ENABLE_TESTABILITY = YES;
				GCC_C_LANGUAGE_STANDARD = gnu11;
				GCC_DYNAMIC_NO_PIC = NO;
				GCC_NO_COMMON_BLOCKS = YES;
				GCC_OPTIMIZATION_LEVEL = 0;
				GCC_PREPROCESSOR_DEFINITIONS = (
					"DEBUG=1",
					"$(inherited)",
				);
				GCC_WARN_64_TO_32_BIT_CONVERSION = YES;
				GCC_WARN_ABOUT_RETURN_TYPE = YES_ERROR;
				GCC_WARN_UNDECLARED_SELECTOR = YES;
				GCC_WARN_UNINITIALIZED_AUTOS = YES_AGGRESSIVE;
				GCC_WARN_UNUSED_FUNCTION = YES;
				GCC_WARN_UNUSED_VARIABLE = YES;
				IPHONEOS_DEPLOYMENT_TARGET = 14.3;
				MTL_ENABLE_DEBUG_INFO = INCLUDE_SOURCE;
				MTL_FAST_MATH = YES;
				ONLY_ACTIVE_ARCH = YES;
				SDKROOT = iphoneos;
				SWIFT_ACTIVE_COMPILATION_CONDITIONS = DEBUG;
				SWIFT_OPTIMIZATION_LEVEL = "-Onone";
			};
			name = Debug;
		};
		12DD879F27AFA0340007D63E /* Release */ = {
			isa = XCBuildConfiguration;
			buildSettings = {
				ALWAYS_SEARCH_USER_PATHS = NO;
				CLANG_ANALYZER_NONNULL = YES;
				CLANG_ANALYZER_NUMBER_OBJECT_CONVERSION = YES_AGGRESSIVE;
				CLANG_CXX_LANGUAGE_STANDARD = "gnu++14";
				CLANG_CXX_LIBRARY = "libc++";
				CLANG_ENABLE_MODULES = YES;
				CLANG_ENABLE_OBJC_ARC = YES;
				CLANG_ENABLE_OBJC_WEAK = YES;
				CLANG_WARN_BLOCK_CAPTURE_AUTORELEASING = YES;
				CLANG_WARN_BOOL_CONVERSION = YES;
				CLANG_WARN_COMMA = YES;
				CLANG_WARN_CONSTANT_CONVERSION = YES;
				CLANG_WARN_DEPRECATED_OBJC_IMPLEMENTATIONS = YES;
				CLANG_WARN_DIRECT_OBJC_ISA_USAGE = YES_ERROR;
				CLANG_WARN_DOCUMENTATION_COMMENTS = YES;
				CLANG_WARN_EMPTY_BODY = YES;
				CLANG_WARN_ENUM_CONVERSION = YES;
				CLANG_WARN_INFINITE_RECURSION = YES;
				CLANG_WARN_INT_CONVERSION = YES;
				CLANG_WARN_NON_LITERAL_NULL_CONVERSION = YES;
				CLANG_WARN_OBJC_IMPLICIT_RETAIN_SELF = YES;
				CLANG_WARN_OBJC_LITERAL_CONVERSION = YES;
				CLANG_WARN_OBJC_ROOT_CLASS = YES_ERROR;
				CLANG_WARN_QUOTED_INCLUDE_IN_FRAMEWORK_HEADER = YES;
				CLANG_WARN_RANGE_LOOP_ANALYSIS = YES;
				CLANG_WARN_STRICT_PROTOTYPES = YES;
				CLANG_WARN_SUSPICIOUS_MOVE = YES;
				CLANG_WARN_UNGUARDED_AVAILABILITY = YES_AGGRESSIVE;
				CLANG_WARN_UNREACHABLE_CODE = YES;
				CLANG_WARN__DUPLICATE_METHOD_MATCH = YES;
				COPY_PHASE_STRIP = NO;
				DEBUG_INFORMATION_FORMAT = "dwarf-with-dsym";
				ENABLE_NS_ASSERTIONS = NO;
				ENABLE_STRICT_OBJC_MSGSEND = YES;
				GCC_C_LANGUAGE_STANDARD = gnu11;
				GCC_NO_COMMON_BLOCKS = YES;
				GCC_WARN_64_TO_32_BIT_CONVERSION = YES;
				GCC_WARN_ABOUT_RETURN_TYPE = YES_ERROR;
				GCC_WARN_UNDECLARED_SELECTOR = YES;
				GCC_WARN_UNINITIALIZED_AUTOS = YES_AGGRESSIVE;
				GCC_WARN_UNUSED_FUNCTION = YES;
				GCC_WARN_UNUSED_VARIABLE = YES;
				IPHONEOS_DEPLOYMENT_TARGET = 14.3;
				MTL_ENABLE_DEBUG_INFO = NO;
				MTL_FAST_MATH = YES;
				SDKROOT = iphoneos;
				SWIFT_COMPILATION_MODE = wholemodule;
				SWIFT_OPTIMIZATION_LEVEL = "-O";
				VALIDATE_PRODUCT = YES;
			};
			name = Release;
		};
		12DD87A127AFA0340007D63E /* Debug */ = {
			isa = XCBuildConfiguration;
			buildSettings = {
				ASSETCATALOG_COMPILER_APPICON_NAME = AppIcon;
				ASSETCATALOG_COMPILER_GLOBAL_ACCENT_COLOR_NAME = AccentColor;
				CODE_SIGN_STYLE = Automatic;
				DEVELOPMENT_TEAM = 374UZ6VU7W;
				INFOPLIST_FILE = Tinkoff_NewsApp/Info.plist;
				LD_RUNPATH_SEARCH_PATHS = (
					"$(inherited)",
					"@executable_path/Frameworks",
				);
				PRODUCT_BUNDLE_IDENTIFIER = "MaxConrad.Tinkoff-NewsApp";
				PRODUCT_NAME = "$(TARGET_NAME)";
				SWIFT_VERSION = 5.0;
				TARGETED_DEVICE_FAMILY = "1,2";
			};
			name = Debug;
		};
		12DD87A227AFA0340007D63E /* Release */ = {
			isa = XCBuildConfiguration;
			buildSettings = {
				ASSETCATALOG_COMPILER_APPICON_NAME = AppIcon;
				ASSETCATALOG_COMPILER_GLOBAL_ACCENT_COLOR_NAME = AccentColor;
				CODE_SIGN_STYLE = Automatic;
				DEVELOPMENT_TEAM = 374UZ6VU7W;
				INFOPLIST_FILE = Tinkoff_NewsApp/Info.plist;
				LD_RUNPATH_SEARCH_PATHS = (
					"$(inherited)",
					"@executable_path/Frameworks",
				);
				PRODUCT_BUNDLE_IDENTIFIER = "MaxConrad.Tinkoff-NewsApp";
				PRODUCT_NAME = "$(TARGET_NAME)";
				SWIFT_VERSION = 5.0;
				TARGETED_DEVICE_FAMILY = "1,2";
			};
			name = Release;
		};
/* End XCBuildConfiguration section */

/* Begin XCConfigurationList section */
		12DD878727AFA0300007D63E /* Build configuration list for PBXProject "Tinkoff_NewsApp" */ = {
			isa = XCConfigurationList;
			buildConfigurations = (
				12DD879E27AFA0340007D63E /* Debug */,
				12DD879F27AFA0340007D63E /* Release */,
			);
			defaultConfigurationIsVisible = 0;
			defaultConfigurationName = Release;
		};
		12DD87A027AFA0340007D63E /* Build configuration list for PBXNativeTarget "Tinkoff_NewsApp" */ = {
			isa = XCConfigurationList;
			buildConfigurations = (
				12DD87A127AFA0340007D63E /* Debug */,
				12DD87A227AFA0340007D63E /* Release */,
			);
			defaultConfigurationIsVisible = 0;
			defaultConfigurationName = Release;
		};
/* End XCConfigurationList section */
	};
	rootObject = 12DD878427AFA0300007D63E /* Project object */;
}
